// !$*UTF8*$!
{
	archiveVersion = 1;
	classes = {
	};
	objectVersion = 56;
	objects = {

/* Begin PBXBuildFile section */
		61854D862AEC37DA00C57E57 /* AppDelegate.swift in Sources */ = {isa = PBXBuildFile; fileRef = 61854D852AEC37DA00C57E57 /* AppDelegate.swift */; };
		61854D882AEC37DA00C57E57 /* SceneDelegate.swift in Sources */ = {isa = PBXBuildFile; fileRef = 61854D872AEC37DA00C57E57 /* SceneDelegate.swift */; };
		61854D8A2AEC37DA00C57E57 /* ViewController.swift in Sources */ = {isa = PBXBuildFile; fileRef = 61854D892AEC37DA00C57E57 /* ViewController.swift */; };
		61854D8D2AEC37DA00C57E57 /* Main.storyboard in Resources */ = {isa = PBXBuildFile; fileRef = 61854D8B2AEC37DA00C57E57 /* Main.storyboard */; };
		61854D902AEC37DA00C57E57 /* iOS_Avanzado_SilviaCasanova.xcdatamodeld in Sources */ = {isa = PBXBuildFile; fileRef = 61854D8E2AEC37DA00C57E57 /* iOS_Avanzado_SilviaCasanova.xcdatamodeld */; };
		61854D922AEC37DC00C57E57 /* Assets.xcassets in Resources */ = {isa = PBXBuildFile; fileRef = 61854D912AEC37DC00C57E57 /* Assets.xcassets */; };
		61854D952AEC37DC00C57E57 /* LaunchScreen.storyboard in Resources */ = {isa = PBXBuildFile; fileRef = 61854D932AEC37DC00C57E57 /* LaunchScreen.storyboard */; };
		61854DA02AEC37DC00C57E57 /* iOS_Avanzado_SilviaCasanovaTests.swift in Sources */ = {isa = PBXBuildFile; fileRef = 61854D9F2AEC37DC00C57E57 /* iOS_Avanzado_SilviaCasanovaTests.swift */; };
		61854DAA2AEC37DC00C57E57 /* iOS_Avanzado_SilviaCasanovaUITests.swift in Sources */ = {isa = PBXBuildFile; fileRef = 61854DA92AEC37DC00C57E57 /* iOS_Avanzado_SilviaCasanovaUITests.swift */; };
		61854DAC2AEC37DC00C57E57 /* iOS_Avanzado_SilviaCasanovaUITestsLaunchTests.swift in Sources */ = {isa = PBXBuildFile; fileRef = 61854DAB2AEC37DC00C57E57 /* iOS_Avanzado_SilviaCasanovaUITestsLaunchTests.swift */; };
/* End PBXBuildFile section */

/* Begin PBXContainerItemProxy section */
		61854D9C2AEC37DC00C57E57 /* PBXContainerItemProxy */ = {
			isa = PBXContainerItemProxy;
			containerPortal = 61854D7A2AEC37DA00C57E57 /* Project object */;
			proxyType = 1;
			remoteGlobalIDString = 61854D812AEC37DA00C57E57;
			remoteInfo = iOS_Avanzado_SilviaCasanova;
		};
		61854DA62AEC37DC00C57E57 /* PBXContainerItemProxy */ = {
			isa = PBXContainerItemProxy;
			containerPortal = 61854D7A2AEC37DA00C57E57 /* Project object */;
			proxyType = 1;
			remoteGlobalIDString = 61854D812AEC37DA00C57E57;
			remoteInfo = iOS_Avanzado_SilviaCasanova;
		};
/* End PBXContainerItemProxy section */

/* Begin PBXFileReference section */
		61854D822AEC37DA00C57E57 /* iOS_Avanzado_SilviaCasanova.app */ = {isa = PBXFileReference; explicitFileType = wrapper.application; includeInIndex = 0; path = iOS_Avanzado_SilviaCasanova.app; sourceTree = BUILT_PRODUCTS_DIR; };
		61854D852AEC37DA00C57E57 /* AppDelegate.swift */ = {isa = PBXFileReference; lastKnownFileType = sourcecode.swift; path = AppDelegate.swift; sourceTree = "<group>"; };
		61854D872AEC37DA00C57E57 /* SceneDelegate.swift */ = {isa = PBXFileReference; lastKnownFileType = sourcecode.swift; path = SceneDelegate.swift; sourceTree = "<group>"; };
		61854D892AEC37DA00C57E57 /* ViewController.swift */ = {isa = PBXFileReference; lastKnownFileType = sourcecode.swift; path = ViewController.swift; sourceTree = "<group>"; };
		61854D8C2AEC37DA00C57E57 /* Base */ = {isa = PBXFileReference; lastKnownFileType = file.storyboard; name = Base; path = Base.lproj/Main.storyboard; sourceTree = "<group>"; };
		61854D8F2AEC37DA00C57E57 /* iOS_Avanzado_SilviaCasanova.xcdatamodel */ = {isa = PBXFileReference; lastKnownFileType = wrapper.xcdatamodel; path = iOS_Avanzado_SilviaCasanova.xcdatamodel; sourceTree = "<group>"; };
		61854D912AEC37DC00C57E57 /* Assets.xcassets */ = {isa = PBXFileReference; lastKnownFileType = folder.assetcatalog; path = Assets.xcassets; sourceTree = "<group>"; };
		61854D942AEC37DC00C57E57 /* Base */ = {isa = PBXFileReference; lastKnownFileType = file.storyboard; name = Base; path = Base.lproj/LaunchScreen.storyboard; sourceTree = "<group>"; };
		61854D962AEC37DC00C57E57 /* Info.plist */ = {isa = PBXFileReference; lastKnownFileType = text.plist.xml; path = Info.plist; sourceTree = "<group>"; };
		61854D9B2AEC37DC00C57E57 /* iOS_Avanzado_SilviaCasanovaTests.xctest */ = {isa = PBXFileReference; explicitFileType = wrapper.cfbundle; includeInIndex = 0; path = iOS_Avanzado_SilviaCasanovaTests.xctest; sourceTree = BUILT_PRODUCTS_DIR; };
		61854D9F2AEC37DC00C57E57 /* iOS_Avanzado_SilviaCasanovaTests.swift */ = {isa = PBXFileReference; lastKnownFileType = sourcecode.swift; path = iOS_Avanzado_SilviaCasanovaTests.swift; sourceTree = "<group>"; };
		61854DA52AEC37DC00C57E57 /* iOS_Avanzado_SilviaCasanovaUITests.xctest */ = {isa = PBXFileReference; explicitFileType = wrapper.cfbundle; includeInIndex = 0; path = iOS_Avanzado_SilviaCasanovaUITests.xctest; sourceTree = BUILT_PRODUCTS_DIR; };
		61854DA92AEC37DC00C57E57 /* iOS_Avanzado_SilviaCasanovaUITests.swift */ = {isa = PBXFileReference; lastKnownFileType = sourcecode.swift; path = iOS_Avanzado_SilviaCasanovaUITests.swift; sourceTree = "<group>"; };
		61854DAB2AEC37DC00C57E57 /* iOS_Avanzado_SilviaCasanovaUITestsLaunchTests.swift */ = {isa = PBXFileReference; lastKnownFileType = sourcecode.swift; path = iOS_Avanzado_SilviaCasanovaUITestsLaunchTests.swift; sourceTree = "<group>"; };
/* End PBXFileReference section */

/* Begin PBXFrameworksBuildPhase section */
		61854D7F2AEC37DA00C57E57 /* Frameworks */ = {
			isa = PBXFrameworksBuildPhase;
			buildActionMask = 2147483647;
			files = (
			);
			runOnlyForDeploymentPostprocessing = 0;
		};
		61854D982AEC37DC00C57E57 /* Frameworks */ = {
			isa = PBXFrameworksBuildPhase;
			buildActionMask = 2147483647;
			files = (
			);
			runOnlyForDeploymentPostprocessing = 0;
		};
		61854DA22AEC37DC00C57E57 /* Frameworks */ = {
			isa = PBXFrameworksBuildPhase;
			buildActionMask = 2147483647;
			files = (
			);
			runOnlyForDeploymentPostprocessing = 0;
		};
/* End PBXFrameworksBuildPhase section */

/* Begin PBXGroup section */
		61854D792AEC37DA00C57E57 = {
			isa = PBXGroup;
			children = (
				61854D842AEC37DA00C57E57 /* iOS_Avanzado_SilviaCasanova */,
				61854D9E2AEC37DC00C57E57 /* iOS_Avanzado_SilviaCasanovaTests */,
				61854DA82AEC37DC00C57E57 /* iOS_Avanzado_SilviaCasanovaUITests */,
				61854D832AEC37DA00C57E57 /* Products */,
			);
			sourceTree = "<group>";
		};
		61854D832AEC37DA00C57E57 /* Products */ = {
			isa = PBXGroup;
			children = (
				61854D822AEC37DA00C57E57 /* iOS_Avanzado_SilviaCasanova.app */,
				61854D9B2AEC37DC00C57E57 /* iOS_Avanzado_SilviaCasanovaTests.xctest */,
				61854DA52AEC37DC00C57E57 /* iOS_Avanzado_SilviaCasanovaUITests.xctest */,
			);
			name = Products;
			sourceTree = "<group>";
		};
		61854D842AEC37DA00C57E57 /* iOS_Avanzado_SilviaCasanova */ = {
			isa = PBXGroup;
			children = (
				61854D852AEC37DA00C57E57 /* AppDelegate.swift */,
				61854D872AEC37DA00C57E57 /* SceneDelegate.swift */,
				61854D892AEC37DA00C57E57 /* ViewController.swift */,
				61854D8B2AEC37DA00C57E57 /* Main.storyboard */,
				61854D912AEC37DC00C57E57 /* Assets.xcassets */,
				61854D932AEC37DC00C57E57 /* LaunchScreen.storyboard */,
				61854D962AEC37DC00C57E57 /* Info.plist */,
				61854D8E2AEC37DA00C57E57 /* iOS_Avanzado_SilviaCasanova.xcdatamodeld */,
			);
			path = iOS_Avanzado_SilviaCasanova;
			sourceTree = "<group>";
		};
		61854D9E2AEC37DC00C57E57 /* iOS_Avanzado_SilviaCasanovaTests */ = {
			isa = PBXGroup;
			children = (
				61854D9F2AEC37DC00C57E57 /* iOS_Avanzado_SilviaCasanovaTests.swift */,
			);
			path = iOS_Avanzado_SilviaCasanovaTests;
			sourceTree = "<group>";
		};
		61854DA82AEC37DC00C57E57 /* iOS_Avanzado_SilviaCasanovaUITests */ = {
			isa = PBXGroup;
			children = (
				61854DA92AEC37DC00C57E57 /* iOS_Avanzado_SilviaCasanovaUITests.swift */,
				61854DAB2AEC37DC00C57E57 /* iOS_Avanzado_SilviaCasanovaUITestsLaunchTests.swift */,
			);
			path = iOS_Avanzado_SilviaCasanovaUITests;
			sourceTree = "<group>";
		};
/* End PBXGroup section */

/* Begin PBXNativeTarget section */
		61854D812AEC37DA00C57E57 /* iOS_Avanzado_SilviaCasanova */ = {
			isa = PBXNativeTarget;
			buildConfigurationList = 61854DAF2AEC37DC00C57E57 /* Build configuration list for PBXNativeTarget "iOS_Avanzado_SilviaCasanova" */;
			buildPhases = (
				61854D7E2AEC37DA00C57E57 /* Sources */,
				61854D7F2AEC37DA00C57E57 /* Frameworks */,
				61854D802AEC37DA00C57E57 /* Resources */,
			);
			buildRules = (
			);
			dependencies = (
			);
			name = iOS_Avanzado_SilviaCasanova;
			productName = iOS_Avanzado_SilviaCasanova;
			productReference = 61854D822AEC37DA00C57E57 /* iOS_Avanzado_SilviaCasanova.app */;
			productType = "com.apple.product-type.application";
		};
		61854D9A2AEC37DC00C57E57 /* iOS_Avanzado_SilviaCasanovaTests */ = {
			isa = PBXNativeTarget;
			buildConfigurationList = 61854DB22AEC37DC00C57E57 /* Build configuration list for PBXNativeTarget "iOS_Avanzado_SilviaCasanovaTests" */;
			buildPhases = (
				61854D972AEC37DC00C57E57 /* Sources */,
				61854D982AEC37DC00C57E57 /* Frameworks */,
				61854D992AEC37DC00C57E57 /* Resources */,
			);
			buildRules = (
			);
			dependencies = (
				61854D9D2AEC37DC00C57E57 /* PBXTargetDependency */,
			);
			name = iOS_Avanzado_SilviaCasanovaTests;
			productName = iOS_Avanzado_SilviaCasanovaTests;
			productReference = 61854D9B2AEC37DC00C57E57 /* iOS_Avanzado_SilviaCasanovaTests.xctest */;
			productType = "com.apple.product-type.bundle.unit-test";
		};
		61854DA42AEC37DC00C57E57 /* iOS_Avanzado_SilviaCasanovaUITests */ = {
			isa = PBXNativeTarget;
			buildConfigurationList = 61854DB52AEC37DC00C57E57 /* Build configuration list for PBXNativeTarget "iOS_Avanzado_SilviaCasanovaUITests" */;
			buildPhases = (
				61854DA12AEC37DC00C57E57 /* Sources */,
				61854DA22AEC37DC00C57E57 /* Frameworks */,
				61854DA32AEC37DC00C57E57 /* Resources */,
			);
			buildRules = (
			);
			dependencies = (
				61854DA72AEC37DC00C57E57 /* PBXTargetDependency */,
			);
			name = iOS_Avanzado_SilviaCasanovaUITests;
			productName = iOS_Avanzado_SilviaCasanovaUITests;
			productReference = 61854DA52AEC37DC00C57E57 /* iOS_Avanzado_SilviaCasanovaUITests.xctest */;
			productType = "com.apple.product-type.bundle.ui-testing";
		};
/* End PBXNativeTarget section */

/* Begin PBXProject section */
		61854D7A2AEC37DA00C57E57 /* Project object */ = {
			isa = PBXProject;
			attributes = {
				BuildIndependentTargetsInParallel = 1;
				LastSwiftUpdateCheck = 1430;
				LastUpgradeCheck = 1430;
				TargetAttributes = {
					61854D812AEC37DA00C57E57 = {
						CreatedOnToolsVersion = 14.3.1;
					};
					61854D9A2AEC37DC00C57E57 = {
						CreatedOnToolsVersion = 14.3.1;
						TestTargetID = 61854D812AEC37DA00C57E57;
					};
					61854DA42AEC37DC00C57E57 = {
						CreatedOnToolsVersion = 14.3.1;
						TestTargetID = 61854D812AEC37DA00C57E57;
					};
				};
			};
			buildConfigurationList = 61854D7D2AEC37DA00C57E57 /* Build configuration list for PBXProject "iOS_Avanzado_SilviaCasanova" */;
			compatibilityVersion = "Xcode 14.0";
			developmentRegion = en;
			hasScannedForEncodings = 0;
			knownRegions = (
				en,
				Base,
			);
			mainGroup = 61854D792AEC37DA00C57E57;
			productRefGroup = 61854D832AEC37DA00C57E57 /* Products */;
			projectDirPath = "";
			projectRoot = "";
			targets = (
				61854D812AEC37DA00C57E57 /* iOS_Avanzado_SilviaCasanova */,
				61854D9A2AEC37DC00C57E57 /* iOS_Avanzado_SilviaCasanovaTests */,
				61854DA42AEC37DC00C57E57 /* iOS_Avanzado_SilviaCasanovaUITests */,
			);
		};
/* End PBXProject section */

/* Begin PBXResourcesBuildPhase section */
		61854D802AEC37DA00C57E57 /* Resources */ = {
			isa = PBXResourcesBuildPhase;
			buildActionMask = 2147483647;
			files = (
				61854D952AEC37DC00C57E57 /* LaunchScreen.storyboard in Resources */,
				61854D922AEC37DC00C57E57 /* Assets.xcassets in Resources */,
				61854D8D2AEC37DA00C57E57 /* Main.storyboard in Resources */,
			);
			runOnlyForDeploymentPostprocessing = 0;
		};
		61854D992AEC37DC00C57E57 /* Resources */ = {
			isa = PBXResourcesBuildPhase;
			buildActionMask = 2147483647;
			files = (
			);
			runOnlyForDeploymentPostprocessing = 0;
		};
		61854DA32AEC37DC00C57E57 /* Resources */ = {
			isa = PBXResourcesBuildPhase;
			buildActionMask = 2147483647;
			files = (
			);
			runOnlyForDeploymentPostprocessing = 0;
		};
/* End PBXResourcesBuildPhase section */

/* Begin PBXSourcesBuildPhase section */
		61854D7E2AEC37DA00C57E57 /* Sources */ = {
			isa = PBXSourcesBuildPhase;
			buildActionMask = 2147483647;
			files = (
				61854D8A2AEC37DA00C57E57 /* ViewController.swift in Sources */,
				61854D902AEC37DA00C57E57 /* iOS_Avanzado_SilviaCasanova.xcdatamodeld in Sources */,
				61854D862AEC37DA00C57E57 /* AppDelegate.swift in Sources */,
				61854D882AEC37DA00C57E57 /* SceneDelegate.swift in Sources */,
			);
			runOnlyForDeploymentPostprocessing = 0;
		};
		61854D972AEC37DC00C57E57 /* Sources */ = {
			isa = PBXSourcesBuildPhase;
			buildActionMask = 2147483647;
			files = (
				61854DA02AEC37DC00C57E57 /* iOS_Avanzado_SilviaCasanovaTests.swift in Sources */,
			);
			runOnlyForDeploymentPostprocessing = 0;
		};
		61854DA12AEC37DC00C57E57 /* Sources */ = {
			isa = PBXSourcesBuildPhase;
			buildActionMask = 2147483647;
			files = (
				61854DAC2AEC37DC00C57E57 /* iOS_Avanzado_SilviaCasanovaUITestsLaunchTests.swift in Sources */,
				61854DAA2AEC37DC00C57E57 /* iOS_Avanzado_SilviaCasanovaUITests.swift in Sources */,
			);
			runOnlyForDeploymentPostprocessing = 0;
		};
/* End PBXSourcesBuildPhase section */

/* Begin PBXTargetDependency section */
		61854D9D2AEC37DC00C57E57 /* PBXTargetDependency */ = {
			isa = PBXTargetDependency;
			target = 61854D812AEC37DA00C57E57 /* iOS_Avanzado_SilviaCasanova */;
			targetProxy = 61854D9C2AEC37DC00C57E57 /* PBXContainerItemProxy */;
		};
		61854DA72AEC37DC00C57E57 /* PBXTargetDependency */ = {
			isa = PBXTargetDependency;
			target = 61854D812AEC37DA00C57E57 /* iOS_Avanzado_SilviaCasanova */;
			targetProxy = 61854DA62AEC37DC00C57E57 /* PBXContainerItemProxy */;
		};
/* End PBXTargetDependency section */

/* Begin PBXVariantGroup section */
		61854D8B2AEC37DA00C57E57 /* Main.storyboard */ = {
			isa = PBXVariantGroup;
			children = (
				61854D8C2AEC37DA00C57E57 /* Base */,
			);
			name = Main.storyboard;
			sourceTree = "<group>";
		};
		61854D932AEC37DC00C57E57 /* LaunchScreen.storyboard */ = {
			isa = PBXVariantGroup;
			children = (
				61854D942AEC37DC00C57E57 /* Base */,
			);
			name = LaunchScreen.storyboard;
			sourceTree = "<group>";
		};
/* End PBXVariantGroup section */

/* Begin XCBuildConfiguration section */
		61854DAD2AEC37DC00C57E57 /* Debug */ = {
			isa = XCBuildConfiguration;
			buildSettings = {
				ALWAYS_SEARCH_USER_PATHS = NO;
				CLANG_ANALYZER_NONNULL = YES;
				CLANG_ANALYZER_NUMBER_OBJECT_CONVERSION = YES_AGGRESSIVE;
				CLANG_CXX_LANGUAGE_STANDARD = "gnu++20";
				CLANG_ENABLE_MODULES = YES;
				CLANG_ENABLE_OBJC_ARC = YES;
				CLANG_ENABLE_OBJC_WEAK = YES;
				CLANG_WARN_BLOCK_CAPTURE_AUTORELEASING = YES;
				CLANG_WARN_BOOL_CONVERSION = YES;
				CLANG_WARN_COMMA = YES;
				CLANG_WARN_CONSTANT_CONVERSION = YES;
				CLANG_WARN_DEPRECATED_OBJC_IMPLEMENTATIONS = YES;
				CLANG_WARN_DIRECT_OBJC_ISA_USAGE = YES_ERROR;
				CLANG_WARN_DOCUMENTATION_COMMENTS = YES;
				CLANG_WARN_EMPTY_BODY = YES;
				CLANG_WARN_ENUM_CONVERSION = YES;
				CLANG_WARN_INFINITE_RECURSION = YES;
				CLANG_WARN_INT_CONVERSION = YES;
				CLANG_WARN_NON_LITERAL_NULL_CONVERSION = YES;
				CLANG_WARN_OBJC_IMPLICIT_RETAIN_SELF = YES;
				CLANG_WARN_OBJC_LITERAL_CONVERSION = YES;
				CLANG_WARN_OBJC_ROOT_CLASS = YES_ERROR;
				CLANG_WARN_QUOTED_INCLUDE_IN_FRAMEWORK_HEADER = YES;
				CLANG_WARN_RANGE_LOOP_ANALYSIS = YES;
				CLANG_WARN_STRICT_PROTOTYPES = YES;
				CLANG_WARN_SUSPICIOUS_MOVE = YES;
				CLANG_WARN_UNGUARDED_AVAILABILITY = YES_AGGRESSIVE;
				CLANG_WARN_UNREACHABLE_CODE = YES;
				CLANG_WARN__DUPLICATE_METHOD_MATCH = YES;
				COPY_PHASE_STRIP = NO;
				DEBUG_INFORMATION_FORMAT = dwarf;
				ENABLE_STRICT_OBJC_MSGSEND = YES;
				ENABLE_TESTABILITY = YES;
				GCC_C_LANGUAGE_STANDARD = gnu11;
				GCC_DYNAMIC_NO_PIC = NO;
				GCC_NO_COMMON_BLOCKS = YES;
				GCC_OPTIMIZATION_LEVEL = 0;
				GCC_PREPROCESSOR_DEFINITIONS = (
					"DEBUG=1",
					"$(inherited)",
				);
				GCC_WARN_64_TO_32_BIT_CONVERSION = YES;
				GCC_WARN_ABOUT_RETURN_TYPE = YES_ERROR;
				GCC_WARN_UNDECLARED_SELECTOR = YES;
				GCC_WARN_UNINITIALIZED_AUTOS = YES_AGGRESSIVE;
				GCC_WARN_UNUSED_FUNCTION = YES;
				GCC_WARN_UNUSED_VARIABLE = YES;
				IPHONEOS_DEPLOYMENT_TARGET = 16.4;
				MTL_ENABLE_DEBUG_INFO = INCLUDE_SOURCE;
				MTL_FAST_MATH = YES;
				ONLY_ACTIVE_ARCH = YES;
				SDKROOT = iphoneos;
				SWIFT_ACTIVE_COMPILATION_CONDITIONS = DEBUG;
				SWIFT_OPTIMIZATION_LEVEL = "-Onone";
			};
			name = Debug;
		};
		61854DAE2AEC37DC00C57E57 /* Release */ = {
			isa = XCBuildConfiguration;
			buildSettings = {
				ALWAYS_SEARCH_USER_PATHS = NO;
				CLANG_ANALYZER_NONNULL = YES;
				CLANG_ANALYZER_NUMBER_OBJECT_CONVERSION = YES_AGGRESSIVE;
				CLANG_CXX_LANGUAGE_STANDARD = "gnu++20";
				CLANG_ENABLE_MODULES = YES;
				CLANG_ENABLE_OBJC_ARC = YES;
				CLANG_ENABLE_OBJC_WEAK = YES;
				CLANG_WARN_BLOCK_CAPTURE_AUTORELEASING = YES;
				CLANG_WARN_BOOL_CONVERSION = YES;
				CLANG_WARN_COMMA = YES;
				CLANG_WARN_CONSTANT_CONVERSION = YES;
				CLANG_WARN_DEPRECATED_OBJC_IMPLEMENTATIONS = YES;
				CLANG_WARN_DIRECT_OBJC_ISA_USAGE = YES_ERROR;
				CLANG_WARN_DOCUMENTATION_COMMENTS = YES;
				CLANG_WARN_EMPTY_BODY = YES;
				CLANG_WARN_ENUM_CONVERSION = YES;
				CLANG_WARN_INFINITE_RECURSION = YES;
				CLANG_WARN_INT_CONVERSION = YES;
				CLANG_WARN_NON_LITERAL_NULL_CONVERSION = YES;
				CLANG_WARN_OBJC_IMPLICIT_RETAIN_SELF = YES;
				CLANG_WARN_OBJC_LITERAL_CONVERSION = YES;
				CLANG_WARN_OBJC_ROOT_CLASS = YES_ERROR;
				CLANG_WARN_QUOTED_INCLUDE_IN_FRAMEWORK_HEADER = YES;
				CLANG_WARN_RANGE_LOOP_ANALYSIS = YES;
				CLANG_WARN_STRICT_PROTOTYPES = YES;
				CLANG_WARN_SUSPICIOUS_MOVE = YES;
				CLANG_WARN_UNGUARDED_AVAILABILITY = YES_AGGRESSIVE;
				CLANG_WARN_UNREACHABLE_CODE = YES;
				CLANG_WARN__DUPLICATE_METHOD_MATCH = YES;
				COPY_PHASE_STRIP = NO;
				DEBUG_INFORMATION_FORMAT = "dwarf-with-dsym";
				ENABLE_NS_ASSERTIONS = NO;
				ENABLE_STRICT_OBJC_MSGSEND = YES;
				GCC_C_LANGUAGE_STANDARD = gnu11;
				GCC_NO_COMMON_BLOCKS = YES;
				GCC_WARN_64_TO_32_BIT_CONVERSION = YES;
				GCC_WARN_ABOUT_RETURN_TYPE = YES_ERROR;
				GCC_WARN_UNDECLARED_SELECTOR = YES;
				GCC_WARN_UNINITIALIZED_AUTOS = YES_AGGRESSIVE;
				GCC_WARN_UNUSED_FUNCTION = YES;
				GCC_WARN_UNUSED_VARIABLE = YES;
				IPHONEOS_DEPLOYMENT_TARGET = 16.4;
				MTL_ENABLE_DEBUG_INFO = NO;
				MTL_FAST_MATH = YES;
				SDKROOT = iphoneos;
				SWIFT_COMPILATION_MODE = wholemodule;
				SWIFT_OPTIMIZATION_LEVEL = "-O";
				VALIDATE_PRODUCT = YES;
			};
			name = Release;
		};
		61854DB02AEC37DC00C57E57 /* Debug */ = {
			isa = XCBuildConfiguration;
			buildSettings = {
				ASSETCATALOG_COMPILER_APPICON_NAME = AppIcon;
				ASSETCATALOG_COMPILER_GLOBAL_ACCENT_COLOR_NAME = AccentColor;
				CODE_SIGN_STYLE = Automatic;
				CURRENT_PROJECT_VERSION = 1;
				DEVELOPMENT_TEAM = Z9M8L46C8H;
				GENERATE_INFOPLIST_FILE = YES;
				INFOPLIST_FILE = iOS_Avanzado_SilviaCasanova/Info.plist;
				INFOPLIST_KEY_UIApplicationSupportsIndirectInputEvents = YES;
				INFOPLIST_KEY_UILaunchStoryboardName = LaunchScreen;
				INFOPLIST_KEY_UIMainStoryboardFile = Main;
				INFOPLIST_KEY_UISupportedInterfaceOrientations_iPad = "UIInterfaceOrientationPortrait UIInterfaceOrientationPortraitUpsideDown UIInterfaceOrientationLandscapeLeft UIInterfaceOrientationLandscapeRight";
				INFOPLIST_KEY_UISupportedInterfaceOrientations_iPhone = "UIInterfaceOrientationPortrait UIInterfaceOrientationLandscapeLeft UIInterfaceOrientationLandscapeRight";
				LD_RUNPATH_SEARCH_PATHS = (
					"$(inherited)",
					"@executable_path/Frameworks",
				);
				MARKETING_VERSION = 1.0;
				PRODUCT_BUNDLE_IDENTIFIER = "es.silvia.iOS-Avanzado-SilviaCasanova";
				PRODUCT_NAME = "$(TARGET_NAME)";
				SWIFT_EMIT_LOC_STRINGS = YES;
				SWIFT_VERSION = 5.0;
				TARGETED_DEVICE_FAMILY = "1,2";
			};
			name = Debug;
		};
		61854DB12AEC37DC00C57E57 /* Release */ = {
			isa = XCBuildConfiguration;
			buildSettings = {
				ASSETCATALOG_COMPILER_APPICON_NAME = AppIcon;
				ASSETCATALOG_COMPILER_GLOBAL_ACCENT_COLOR_NAME = AccentColor;
				CODE_SIGN_STYLE = Automatic;
				CURRENT_PROJECT_VERSION = 1;
				DEVELOPMENT_TEAM = Z9M8L46C8H;
				GENERATE_INFOPLIST_FILE = YES;
				INFOPLIST_FILE = iOS_Avanzado_SilviaCasanova/Info.plist;
				INFOPLIST_KEY_UIApplicationSupportsIndirectInputEvents = YES;
				INFOPLIST_KEY_UILaunchStoryboardName = LaunchScreen;
				INFOPLIST_KEY_UIMainStoryboardFile = Main;
				INFOPLIST_KEY_UISupportedInterfaceOrientations_iPad = "UIInterfaceOrientationPortrait UIInterfaceOrientationPortraitUpsideDown UIInterfaceOrientationLandscapeLeft UIInterfaceOrientationLandscapeRight";
				INFOPLIST_KEY_UISupportedInterfaceOrientations_iPhone = "UIInterfaceOrientationPortrait UIInterfaceOrientationLandscapeLeft UIInterfaceOrientationLandscapeRight";
				LD_RUNPATH_SEARCH_PATHS = (
					"$(inherited)",
					"@executable_path/Frameworks",
				);
				MARKETING_VERSION = 1.0;
				PRODUCT_BUNDLE_IDENTIFIER = "es.silvia.iOS-Avanzado-SilviaCasanova";
				PRODUCT_NAME = "$(TARGET_NAME)";
				SWIFT_EMIT_LOC_STRINGS = YES;
				SWIFT_VERSION = 5.0;
				TARGETED_DEVICE_FAMILY = "1,2";
			};
			name = Release;
		};
		61854DB32AEC37DC00C57E57 /* Debug */ = {
			isa = XCBuildConfiguration;
			buildSettings = {
				ALWAYS_EMBED_SWIFT_STANDARD_LIBRARIES = YES;
				BUNDLE_LOADER = "$(TEST_HOST)";
				CODE_SIGN_STYLE = Automatic;
				CURRENT_PROJECT_VERSION = 1;
				DEVELOPMENT_TEAM = Z9M8L46C8H;
				GENERATE_INFOPLIST_FILE = YES;
				IPHONEOS_DEPLOYMENT_TARGET = 16.4;
				MARKETING_VERSION = 1.0;
				PRODUCT_BUNDLE_IDENTIFIER = "es.silvia.iOS-Avanzado-SilviaCasanovaTests";
				PRODUCT_NAME = "$(TARGET_NAME)";
				SWIFT_EMIT_LOC_STRINGS = NO;
				SWIFT_VERSION = 5.0;
				TARGETED_DEVICE_FAMILY = "1,2";
				TEST_HOST = "$(BUILT_PRODUCTS_DIR)/iOS_Avanzado_SilviaCasanova.app/$(BUNDLE_EXECUTABLE_FOLDER_PATH)/iOS_Avanzado_SilviaCasanova";
			};
			name = Debug;
		};
		61854DB42AEC37DC00C57E57 /* Release */ = {
			isa = XCBuildConfiguration;
			buildSettings = {
				ALWAYS_EMBED_SWIFT_STANDARD_LIBRARIES = YES;
				BUNDLE_LOADER = "$(TEST_HOST)";
				CODE_SIGN_STYLE = Automatic;
				CURRENT_PROJECT_VERSION = 1;
				DEVELOPMENT_TEAM = Z9M8L46C8H;
				GENERATE_INFOPLIST_FILE = YES;
				IPHONEOS_DEPLOYMENT_TARGET = 16.4;
				MARKETING_VERSION = 1.0;
				PRODUCT_BUNDLE_IDENTIFIER = "es.silvia.iOS-Avanzado-SilviaCasanovaTests";
				PRODUCT_NAME = "$(TARGET_NAME)";
				SWIFT_EMIT_LOC_STRINGS = NO;
				SWIFT_VERSION = 5.0;
				TARGETED_DEVICE_FAMILY = "1,2";
				TEST_HOST = "$(BUILT_PRODUCTS_DIR)/iOS_Avanzado_SilviaCasanova.app/$(BUNDLE_EXECUTABLE_FOLDER_PATH)/iOS_Avanzado_SilviaCasanova";
			};
			name = Release;
		};
		61854DB62AEC37DC00C57E57 /* Debug */ = {
			isa = XCBuildConfiguration;
			buildSettings = {
				ALWAYS_EMBED_SWIFT_STANDARD_LIBRARIES = YES;
				CODE_SIGN_STYLE = Automatic;
				CURRENT_PROJECT_VERSION = 1;
				DEVELOPMENT_TEAM = Z9M8L46C8H;
				GENERATE_INFOPLIST_FILE = YES;
				MARKETING_VERSION = 1.0;
				PRODUCT_BUNDLE_IDENTIFIER = "es.silvia.iOS-Avanzado-SilviaCasanovaUITests";
				PRODUCT_NAME = "$(TARGET_NAME)";
				SWIFT_EMIT_LOC_STRINGS = NO;
				SWIFT_VERSION = 5.0;
				TARGETED_DEVICE_FAMILY = "1,2";
				TEST_TARGET_NAME = iOS_Avanzado_SilviaCasanova;
			};
			name = Debug;
		};
		61854DB72AEC37DC00C57E57 /* Release */ = {
			isa = XCBuildConfiguration;
			buildSettings = {
				ALWAYS_EMBED_SWIFT_STANDARD_LIBRARIES = YES;
				CODE_SIGN_STYLE = Automatic;
				CURRENT_PROJECT_VERSION = 1;
				DEVELOPMENT_TEAM = Z9M8L46C8H;
				GENERATE_INFOPLIST_FILE = YES;
				MARKETING_VERSION = 1.0;
				PRODUCT_BUNDLE_IDENTIFIER = "es.silvia.iOS-Avanzado-SilviaCasanovaUITests";
				PRODUCT_NAME = "$(TARGET_NAME)";
				SWIFT_EMIT_LOC_STRINGS = NO;
				SWIFT_VERSION = 5.0;
				TARGETED_DEVICE_FAMILY = "1,2";
				TEST_TARGET_NAME = iOS_Avanzado_SilviaCasanova;
			};
			name = Release;
		};
/* End XCBuildConfiguration section */

/* Begin XCConfigurationList section */
		61854D7D2AEC37DA00C57E57 /* Build configuration list for PBXProject "iOS_Avanzado_SilviaCasanova" */ = {
			isa = XCConfigurationList;
			buildConfigurations = (
				61854DAD2AEC37DC00C57E57 /* Debug */,
				61854DAE2AEC37DC00C57E57 /* Release */,
			);
			defaultConfigurationIsVisible = 0;
			defaultConfigurationName = Release;
		};
		61854DAF2AEC37DC00C57E57 /* Build configuration list for PBXNativeTarget "iOS_Avanzado_SilviaCasanova" */ = {
			isa = XCConfigurationList;
			buildConfigurations = (
				61854DB02AEC37DC00C57E57 /* Debug */,
				61854DB12AEC37DC00C57E57 /* Release */,
			);
			defaultConfigurationIsVisible = 0;
			defaultConfigurationName = Release;
		};
		61854DB22AEC37DC00C57E57 /* Build configuration list for PBXNativeTarget "iOS_Avanzado_SilviaCasanovaTests" */ = {
			isa = XCConfigurationList;
			buildConfigurations = (
				61854DB32AEC37DC00C57E57 /* Debug */,
				61854DB42AEC37DC00C57E57 /* Release */,
			);
			defaultConfigurationIsVisible = 0;
			defaultConfigurationName = Release;
		};
		61854DB52AEC37DC00C57E57 /* Build configuration list for PBXNativeTarget "iOS_Avanzado_SilviaCasanovaUITests" */ = {
			isa = XCConfigurationList;
			buildConfigurations = (
				61854DB62AEC37DC00C57E57 /* Debug */,
				61854DB72AEC37DC00C57E57 /* Release */,
			);
			defaultConfigurationIsVisible = 0;
			defaultConfigurationName = Release;
		};
/* End XCConfigurationList section */

/* Begin XCVersionGroup section */
		61854D8E2AEC37DA00C57E57 /* iOS_Avanzado_SilviaCasanova.xcdatamodeld */ = {
			isa = XCVersionGroup;
			children = (
				61854D8F2AEC37DA00C57E57 /* iOS_Avanzado_SilviaCasanova.xcdatamodel */,
			);
			currentVersion = 61854D8F2AEC37DA00C57E57 /* iOS_Avanzado_SilviaCasanova.xcdatamodel */;
			path = iOS_Avanzado_SilviaCasanova.xcdatamodeld;
			sourceTree = "<group>";
			versionGroupType = wrapper.xcdatamodel;
		};
/* End XCVersionGroup section */
	};
	rootObject = 61854D7A2AEC37DA00C57E57 /* Project object */;
}
